// !$*UTF8*$!
{
	archiveVersion = 1;
	classes = {
	};
	objectVersion = 50;
	objects = {

/* Begin PBXBuildFile section */
		F3A3F90D23C2FEB700CBBA62 /* AppDelegate.swift in Sources */ = {isa = PBXBuildFile; fileRef = F3A3F90C23C2FEB700CBBA62 /* AppDelegate.swift */; };
		F3A3F90F23C2FEB700CBBA62 /* SceneDelegate.swift in Sources */ = {isa = PBXBuildFile; fileRef = F3A3F90E23C2FEB700CBBA62 /* SceneDelegate.swift */; };
		F3A3F91123C2FEB700CBBA62 /* ContentView.swift in Sources */ = {isa = PBXBuildFile; fileRef = F3A3F91023C2FEB700CBBA62 /* ContentView.swift */; };
		F3A3F91323C2FEBC00CBBA62 /* Assets.xcassets in Resources */ = {isa = PBXBuildFile; fileRef = F3A3F91223C2FEBC00CBBA62 /* Assets.xcassets */; };
		F3A3F91623C2FEBC00CBBA62 /* Preview Assets.xcassets in Resources */ = {isa = PBXBuildFile; fileRef = F3A3F91523C2FEBC00CBBA62 /* Preview Assets.xcassets */; };
		F3A3F91923C2FEBC00CBBA62 /* LaunchScreen.storyboard in Resources */ = {isa = PBXBuildFile; fileRef = F3A3F91723C2FEBC00CBBA62 /* LaunchScreen.storyboard */; };
		F3A3F92423C2FEBC00CBBA62 /* Exp_AST_ConverterTests.swift in Sources */ = {isa = PBXBuildFile; fileRef = F3A3F92323C2FEBC00CBBA62 /* Exp_AST_ConverterTests.swift */; };
		F3A3F92F23C2FEBC00CBBA62 /* Exp_AST_ConverterUITests.swift in Sources */ = {isa = PBXBuildFile; fileRef = F3A3F92E23C2FEBC00CBBA62 /* Exp_AST_ConverterUITests.swift */; };
		F3A3F93D23C301D100CBBA62 /* GetCode.swift in Sources */ = {isa = PBXBuildFile; fileRef = F3A3F93C23C301D100CBBA62 /* GetCode.swift */; };
/* End PBXBuildFile section */

/* Begin PBXContainerItemProxy section */
		F3A3F92023C2FEBC00CBBA62 /* PBXContainerItemProxy */ = {
			isa = PBXContainerItemProxy;
			containerPortal = F3A3F90123C2FEB700CBBA62 /* Project object */;
			proxyType = 1;
			remoteGlobalIDString = F3A3F90823C2FEB700CBBA62;
			remoteInfo = Exp_AST_Converter;
		};
		F3A3F92B23C2FEBC00CBBA62 /* PBXContainerItemProxy */ = {
			isa = PBXContainerItemProxy;
			containerPortal = F3A3F90123C2FEB700CBBA62 /* Project object */;
			proxyType = 1;
			remoteGlobalIDString = F3A3F90823C2FEB700CBBA62;
			remoteInfo = Exp_AST_Converter;
		};
/* End PBXContainerItemProxy section */

/* Begin PBXFileReference section */
		F3A3F90923C2FEB700CBBA62 /* Exp_AST_Converter.app */ = {isa = PBXFileReference; explicitFileType = wrapper.application; includeInIndex = 0; path = Exp_AST_Converter.app; sourceTree = BUILT_PRODUCTS_DIR; };
		F3A3F90C23C2FEB700CBBA62 /* AppDelegate.swift */ = {isa = PBXFileReference; lastKnownFileType = sourcecode.swift; path = AppDelegate.swift; sourceTree = "<group>"; };
		F3A3F90E23C2FEB700CBBA62 /* SceneDelegate.swift */ = {isa = PBXFileReference; lastKnownFileType = sourcecode.swift; path = SceneDelegate.swift; sourceTree = "<group>"; };
		F3A3F91023C2FEB700CBBA62 /* ContentView.swift */ = {isa = PBXFileReference; lastKnownFileType = sourcecode.swift; path = ContentView.swift; sourceTree = "<group>"; };
		F3A3F91223C2FEBC00CBBA62 /* Assets.xcassets */ = {isa = PBXFileReference; lastKnownFileType = folder.assetcatalog; path = Assets.xcassets; sourceTree = "<group>"; };
		F3A3F91523C2FEBC00CBBA62 /* Preview Assets.xcassets */ = {isa = PBXFileReference; lastKnownFileType = folder.assetcatalog; path = "Preview Assets.xcassets"; sourceTree = "<group>"; };
		F3A3F91823C2FEBC00CBBA62 /* Base */ = {isa = PBXFileReference; lastKnownFileType = file.storyboard; name = Base; path = Base.lproj/LaunchScreen.storyboard; sourceTree = "<group>"; };
		F3A3F91A23C2FEBC00CBBA62 /* Info.plist */ = {isa = PBXFileReference; lastKnownFileType = text.plist.xml; path = Info.plist; sourceTree = "<group>"; };
		F3A3F91F23C2FEBC00CBBA62 /* Exp_AST_ConverterTests.xctest */ = {isa = PBXFileReference; explicitFileType = wrapper.cfbundle; includeInIndex = 0; path = Exp_AST_ConverterTests.xctest; sourceTree = BUILT_PRODUCTS_DIR; };
		F3A3F92323C2FEBC00CBBA62 /* Exp_AST_ConverterTests.swift */ = {isa = PBXFileReference; lastKnownFileType = sourcecode.swift; path = Exp_AST_ConverterTests.swift; sourceTree = "<group>"; };
		F3A3F92523C2FEBC00CBBA62 /* Info.plist */ = {isa = PBXFileReference; lastKnownFileType = text.plist.xml; path = Info.plist; sourceTree = "<group>"; };
		F3A3F92A23C2FEBC00CBBA62 /* Exp_AST_ConverterUITests.xctest */ = {isa = PBXFileReference; explicitFileType = wrapper.cfbundle; includeInIndex = 0; path = Exp_AST_ConverterUITests.xctest; sourceTree = BUILT_PRODUCTS_DIR; };
		F3A3F92E23C2FEBC00CBBA62 /* Exp_AST_ConverterUITests.swift */ = {isa = PBXFileReference; lastKnownFileType = sourcecode.swift; path = Exp_AST_ConverterUITests.swift; sourceTree = "<group>"; };
		F3A3F93023C2FEBC00CBBA62 /* Info.plist */ = {isa = PBXFileReference; lastKnownFileType = text.plist.xml; path = Info.plist; sourceTree = "<group>"; };
		F3A3F93C23C301D100CBBA62 /* GetCode.swift */ = {isa = PBXFileReference; lastKnownFileType = sourcecode.swift; path = GetCode.swift; sourceTree = "<group>"; };
/* End PBXFileReference section */

/* Begin PBXFrameworksBuildPhase section */
		F3A3F90623C2FEB700CBBA62 /* Frameworks */ = {
			isa = PBXFrameworksBuildPhase;
			buildActionMask = 2147483647;
			files = (
			);
			runOnlyForDeploymentPostprocessing = 0;
		};
		F3A3F91C23C2FEBC00CBBA62 /* Frameworks */ = {
			isa = PBXFrameworksBuildPhase;
			buildActionMask = 2147483647;
			files = (
			);
			runOnlyForDeploymentPostprocessing = 0;
		};
		F3A3F92723C2FEBC00CBBA62 /* Frameworks */ = {
			isa = PBXFrameworksBuildPhase;
			buildActionMask = 2147483647;
			files = (
			);
			runOnlyForDeploymentPostprocessing = 0;
		};
/* End PBXFrameworksBuildPhase section */

/* Begin PBXGroup section */
		F3A3F90023C2FEB700CBBA62 = {
			isa = PBXGroup;
			children = (
				F3A3F90B23C2FEB700CBBA62 /* Exp_AST_Converter */,
				F3A3F92223C2FEBC00CBBA62 /* Exp_AST_ConverterTests */,
				F3A3F92D23C2FEBC00CBBA62 /* Exp_AST_ConverterUITests */,
				F3A3F90A23C2FEB700CBBA62 /* Products */,
			);
			sourceTree = "<group>";
		};
		F3A3F90A23C2FEB700CBBA62 /* Products */ = {
			isa = PBXGroup;
			children = (
				F3A3F90923C2FEB700CBBA62 /* Exp_AST_Converter.app */,
				F3A3F91F23C2FEBC00CBBA62 /* Exp_AST_ConverterTests.xctest */,
				F3A3F92A23C2FEBC00CBBA62 /* Exp_AST_ConverterUITests.xctest */,
			);
			name = Products;
			sourceTree = "<group>";
		};
		F3A3F90B23C2FEB700CBBA62 /* Exp_AST_Converter */ = {
			isa = PBXGroup;
			children = (
				F3A3F90C23C2FEB700CBBA62 /* AppDelegate.swift */,
				F3A3F90E23C2FEB700CBBA62 /* SceneDelegate.swift */,
				F3A3F91023C2FEB700CBBA62 /* ContentView.swift */,
				F3A3F91223C2FEBC00CBBA62 /* Assets.xcassets */,
				F3A3F91723C2FEBC00CBBA62 /* LaunchScreen.storyboard */,
				F3A3F91A23C2FEBC00CBBA62 /* Info.plist */,
				F3A3F91423C2FEBC00CBBA62 /* Preview Content */,
				F3A3F93C23C301D100CBBA62 /* GetCode.swift */,
			);
			path = Exp_AST_Converter;
			sourceTree = "<group>";
		};
		F3A3F91423C2FEBC00CBBA62 /* Preview Content */ = {
			isa = PBXGroup;
			children = (
				F3A3F91523C2FEBC00CBBA62 /* Preview Assets.xcassets */,
			);
			path = "Preview Content";
			sourceTree = "<group>";
		};
		F3A3F92223C2FEBC00CBBA62 /* Exp_AST_ConverterTests */ = {
			isa = PBXGroup;
			children = (
				F3A3F92323C2FEBC00CBBA62 /* Exp_AST_ConverterTests.swift */,
				F3A3F92523C2FEBC00CBBA62 /* Info.plist */,
			);
			path = Exp_AST_ConverterTests;
			sourceTree = "<group>";
		};
		F3A3F92D23C2FEBC00CBBA62 /* Exp_AST_ConverterUITests */ = {
			isa = PBXGroup;
			children = (
				F3A3F92E23C2FEBC00CBBA62 /* Exp_AST_ConverterUITests.swift */,
				F3A3F93023C2FEBC00CBBA62 /* Info.plist */,
			);
			path = Exp_AST_ConverterUITests;
			sourceTree = "<group>";
		};
/* End PBXGroup section */

/* Begin PBXNativeTarget section */
		F3A3F90823C2FEB700CBBA62 /* Exp_AST_Converter */ = {
			isa = PBXNativeTarget;
			buildConfigurationList = F3A3F93323C2FEBC00CBBA62 /* Build configuration list for PBXNativeTarget "Exp_AST_Converter" */;
			buildPhases = (
				F3A3F90523C2FEB700CBBA62 /* Sources */,
				F3A3F90623C2FEB700CBBA62 /* Frameworks */,
				F3A3F90723C2FEB700CBBA62 /* Resources */,
			);
			buildRules = (
			);
			dependencies = (
			);
			name = Exp_AST_Converter;
			productName = Exp_AST_Converter;
			productReference = F3A3F90923C2FEB700CBBA62 /* Exp_AST_Converter.app */;
			productType = "com.apple.product-type.application";
		};
		F3A3F91E23C2FEBC00CBBA62 /* Exp_AST_ConverterTests */ = {
			isa = PBXNativeTarget;
			buildConfigurationList = F3A3F93623C2FEBC00CBBA62 /* Build configuration list for PBXNativeTarget "Exp_AST_ConverterTests" */;
			buildPhases = (
				F3A3F91B23C2FEBC00CBBA62 /* Sources */,
				F3A3F91C23C2FEBC00CBBA62 /* Frameworks */,
				F3A3F91D23C2FEBC00CBBA62 /* Resources */,
			);
			buildRules = (
			);
			dependencies = (
				F3A3F92123C2FEBC00CBBA62 /* PBXTargetDependency */,
			);
			name = Exp_AST_ConverterTests;
			productName = Exp_AST_ConverterTests;
			productReference = F3A3F91F23C2FEBC00CBBA62 /* Exp_AST_ConverterTests.xctest */;
			productType = "com.apple.product-type.bundle.unit-test";
		};
		F3A3F92923C2FEBC00CBBA62 /* Exp_AST_ConverterUITests */ = {
			isa = PBXNativeTarget;
			buildConfigurationList = F3A3F93923C2FEBC00CBBA62 /* Build configuration list for PBXNativeTarget "Exp_AST_ConverterUITests" */;
			buildPhases = (
				F3A3F92623C2FEBC00CBBA62 /* Sources */,
				F3A3F92723C2FEBC00CBBA62 /* Frameworks */,
				F3A3F92823C2FEBC00CBBA62 /* Resources */,
			);
			buildRules = (
			);
			dependencies = (
				F3A3F92C23C2FEBC00CBBA62 /* PBXTargetDependency */,
			);
			name = Exp_AST_ConverterUITests;
			productName = Exp_AST_ConverterUITests;
			productReference = F3A3F92A23C2FEBC00CBBA62 /* Exp_AST_ConverterUITests.xctest */;
			productType = "com.apple.product-type.bundle.ui-testing";
		};
/* End PBXNativeTarget section */

/* Begin PBXProject section */
		F3A3F90123C2FEB700CBBA62 /* Project object */ = {
			isa = PBXProject;
			attributes = {
				LastSwiftUpdateCheck = 1130;
				LastUpgradeCheck = 1130;
				ORGANIZATIONNAME = pookjw;
				TargetAttributes = {
					F3A3F90823C2FEB700CBBA62 = {
						CreatedOnToolsVersion = 11.3;
					};
					F3A3F91E23C2FEBC00CBBA62 = {
						CreatedOnToolsVersion = 11.3;
						TestTargetID = F3A3F90823C2FEB700CBBA62;
					};
					F3A3F92923C2FEBC00CBBA62 = {
						CreatedOnToolsVersion = 11.3;
						TestTargetID = F3A3F90823C2FEB700CBBA62;
					};
				};
			};
			buildConfigurationList = F3A3F90423C2FEB700CBBA62 /* Build configuration list for PBXProject "Exp_AST_Converter" */;
			compatibilityVersion = "Xcode 9.3";
			developmentRegion = en;
			hasScannedForEncodings = 0;
			knownRegions = (
				en,
				Base,
			);
			mainGroup = F3A3F90023C2FEB700CBBA62;
			productRefGroup = F3A3F90A23C2FEB700CBBA62 /* Products */;
			projectDirPath = "";
			projectRoot = "";
			targets = (
				F3A3F90823C2FEB700CBBA62 /* Exp_AST_Converter */,
				F3A3F91E23C2FEBC00CBBA62 /* Exp_AST_ConverterTests */,
				F3A3F92923C2FEBC00CBBA62 /* Exp_AST_ConverterUITests */,
			);
		};
/* End PBXProject section */

/* Begin PBXResourcesBuildPhase section */
		F3A3F90723C2FEB700CBBA62 /* Resources */ = {
			isa = PBXResourcesBuildPhase;
			buildActionMask = 2147483647;
			files = (
				F3A3F91923C2FEBC00CBBA62 /* LaunchScreen.storyboard in Resources */,
				F3A3F91623C2FEBC00CBBA62 /* Preview Assets.xcassets in Resources */,
				F3A3F91323C2FEBC00CBBA62 /* Assets.xcassets in Resources */,
			);
			runOnlyForDeploymentPostprocessing = 0;
		};
		F3A3F91D23C2FEBC00CBBA62 /* Resources */ = {
			isa = PBXResourcesBuildPhase;
			buildActionMask = 2147483647;
			files = (
			);
			runOnlyForDeploymentPostprocessing = 0;
		};
		F3A3F92823C2FEBC00CBBA62 /* Resources */ = {
			isa = PBXResourcesBuildPhase;
			buildActionMask = 2147483647;
			files = (
			);
			runOnlyForDeploymentPostprocessing = 0;
		};
/* End PBXResourcesBuildPhase section */

/* Begin PBXSourcesBuildPhase section */
		F3A3F90523C2FEB700CBBA62 /* Sources */ = {
			isa = PBXSourcesBuildPhase;
			buildActionMask = 2147483647;
			files = (
				F3A3F90D23C2FEB700CBBA62 /* AppDelegate.swift in Sources */,
				F3A3F90F23C2FEB700CBBA62 /* SceneDelegate.swift in Sources */,
				F3A3F91123C2FEB700CBBA62 /* ContentView.swift in Sources */,
				F3A3F93D23C301D100CBBA62 /* GetCode.swift in Sources */,
			);
			runOnlyForDeploymentPostprocessing = 0;
		};
		F3A3F91B23C2FEBC00CBBA62 /* Sources */ = {
			isa = PBXSourcesBuildPhase;
			buildActionMask = 2147483647;
			files = (
				F3A3F92423C2FEBC00CBBA62 /* Exp_AST_ConverterTests.swift in Sources */,
			);
			runOnlyForDeploymentPostprocessing = 0;
		};
		F3A3F92623C2FEBC00CBBA62 /* Sources */ = {
			isa = PBXSourcesBuildPhase;
			buildActionMask = 2147483647;
			files = (
				F3A3F92F23C2FEBC00CBBA62 /* Exp_AST_ConverterUITests.swift in Sources */,
			);
			runOnlyForDeploymentPostprocessing = 0;
		};
/* End PBXSourcesBuildPhase section */

/* Begin PBXTargetDependency section */
		F3A3F92123C2FEBC00CBBA62 /* PBXTargetDependency */ = {
			isa = PBXTargetDependency;
			target = F3A3F90823C2FEB700CBBA62 /* Exp_AST_Converter */;
			targetProxy = F3A3F92023C2FEBC00CBBA62 /* PBXContainerItemProxy */;
		};
		F3A3F92C23C2FEBC00CBBA62 /* PBXTargetDependency */ = {
			isa = PBXTargetDependency;
			target = F3A3F90823C2FEB700CBBA62 /* Exp_AST_Converter */;
			targetProxy = F3A3F92B23C2FEBC00CBBA62 /* PBXContainerItemProxy */;
		};
/* End PBXTargetDependency section */

/* Begin PBXVariantGroup section */
		F3A3F91723C2FEBC00CBBA62 /* LaunchScreen.storyboard */ = {
			isa = PBXVariantGroup;
			children = (
				F3A3F91823C2FEBC00CBBA62 /* Base */,
			);
			name = LaunchScreen.storyboard;
			sourceTree = "<group>";
		};
/* End PBXVariantGroup section */

/* Begin XCBuildConfiguration section */
		F3A3F93123C2FEBC00CBBA62 /* Debug */ = {
			isa = XCBuildConfiguration;
			buildSettings = {
				ALWAYS_SEARCH_USER_PATHS = NO;
				CLANG_ANALYZER_NONNULL = YES;
				CLANG_ANALYZER_NUMBER_OBJECT_CONVERSION = YES_AGGRESSIVE;
				CLANG_CXX_LANGUAGE_STANDARD = "gnu++14";
				CLANG_CXX_LIBRARY = "libc++";
				CLANG_ENABLE_MODULES = YES;
				CLANG_ENABLE_OBJC_ARC = YES;
				CLANG_ENABLE_OBJC_WEAK = YES;
				CLANG_WARN_BLOCK_CAPTURE_AUTORELEASING = YES;
				CLANG_WARN_BOOL_CONVERSION = YES;
				CLANG_WARN_COMMA = YES;
				CLANG_WARN_CONSTANT_CONVERSION = YES;
				CLANG_WARN_DEPRECATED_OBJC_IMPLEMENTATIONS = YES;
				CLANG_WARN_DIRECT_OBJC_ISA_USAGE = YES_ERROR;
				CLANG_WARN_DOCUMENTATION_COMMENTS = YES;
				CLANG_WARN_EMPTY_BODY = YES;
				CLANG_WARN_ENUM_CONVERSION = YES;
				CLANG_WARN_INFINITE_RECURSION = YES;
				CLANG_WARN_INT_CONVERSION = YES;
				CLANG_WARN_NON_LITERAL_NULL_CONVERSION = YES;
				CLANG_WARN_OBJC_IMPLICIT_RETAIN_SELF = YES;
				CLANG_WARN_OBJC_LITERAL_CONVERSION = YES;
				CLANG_WARN_OBJC_ROOT_CLASS = YES_ERROR;
				CLANG_WARN_RANGE_LOOP_ANALYSIS = YES;
				CLANG_WARN_STRICT_PROTOTYPES = YES;
				CLANG_WARN_SUSPICIOUS_MOVE = YES;
				CLANG_WARN_UNGUARDED_AVAILABILITY = YES_AGGRESSIVE;
				CLANG_WARN_UNREACHABLE_CODE = YES;
				CLANG_WARN__DUPLICATE_METHOD_MATCH = YES;
				COPY_PHASE_STRIP = NO;
				DEBUG_INFORMATION_FORMAT = dwarf;
				ENABLE_STRICT_OBJC_MSGSEND = YES;
				ENABLE_TESTABILITY = YES;
				GCC_C_LANGUAGE_STANDARD = gnu11;
				GCC_DYNAMIC_NO_PIC = NO;
				GCC_NO_COMMON_BLOCKS = YES;
				GCC_OPTIMIZATION_LEVEL = 0;
				GCC_PREPROCESSOR_DEFINITIONS = (
					"DEBUG=1",
					"$(inherited)",
				);
				GCC_WARN_64_TO_32_BIT_CONVERSION = YES;
				GCC_WARN_ABOUT_RETURN_TYPE = YES_ERROR;
				GCC_WARN_UNDECLARED_SELECTOR = YES;
				GCC_WARN_UNINITIALIZED_AUTOS = YES_AGGRESSIVE;
				GCC_WARN_UNUSED_FUNCTION = YES;
				GCC_WARN_UNUSED_VARIABLE = YES;
				IPHONEOS_DEPLOYMENT_TARGET = 13.2;
				MTL_ENABLE_DEBUG_INFO = INCLUDE_SOURCE;
				MTL_FAST_MATH = YES;
				ONLY_ACTIVE_ARCH = YES;
				SDKROOT = iphoneos;
				SWIFT_ACTIVE_COMPILATION_CONDITIONS = DEBUG;
				SWIFT_OPTIMIZATION_LEVEL = "-Onone";
			};
			name = Debug;
		};
		F3A3F93223C2FEBC00CBBA62 /* Release */ = {
			isa = XCBuildConfiguration;
			buildSettings = {
				ALWAYS_SEARCH_USER_PATHS = NO;
				CLANG_ANALYZER_NONNULL = YES;
				CLANG_ANALYZER_NUMBER_OBJECT_CONVERSION = YES_AGGRESSIVE;
				CLANG_CXX_LANGUAGE_STANDARD = "gnu++14";
				CLANG_CXX_LIBRARY = "libc++";
				CLANG_ENABLE_MODULES = YES;
				CLANG_ENABLE_OBJC_ARC = YES;
				CLANG_ENABLE_OBJC_WEAK = YES;
				CLANG_WARN_BLOCK_CAPTURE_AUTORELEASING = YES;
				CLANG_WARN_BOOL_CONVERSION = YES;
				CLANG_WARN_COMMA = YES;
				CLANG_WARN_CONSTANT_CONVERSION = YES;
				CLANG_WARN_DEPRECATED_OBJC_IMPLEMENTATIONS = YES;
				CLANG_WARN_DIRECT_OBJC_ISA_USAGE = YES_ERROR;
				CLANG_WARN_DOCUMENTATION_COMMENTS = YES;
				CLANG_WARN_EMPTY_BODY = YES;
				CLANG_WARN_ENUM_CONVERSION = YES;
				CLANG_WARN_INFINITE_RECURSION = YES;
				CLANG_WARN_INT_CONVERSION = YES;
				CLANG_WARN_NON_LITERAL_NULL_CONVERSION = YES;
				CLANG_WARN_OBJC_IMPLICIT_RETAIN_SELF = YES;
				CLANG_WARN_OBJC_LITERAL_CONVERSION = YES;
				CLANG_WARN_OBJC_ROOT_CLASS = YES_ERROR;
				CLANG_WARN_RANGE_LOOP_ANALYSIS = YES;
				CLANG_WARN_STRICT_PROTOTYPES = YES;
				CLANG_WARN_SUSPICIOUS_MOVE = YES;
				CLANG_WARN_UNGUARDED_AVAILABILITY = YES_AGGRESSIVE;
				CLANG_WARN_UNREACHABLE_CODE = YES;
				CLANG_WARN__DUPLICATE_METHOD_MATCH = YES;
				COPY_PHASE_STRIP = NO;
				DEBUG_INFORMATION_FORMAT = "dwarf-with-dsym";
				ENABLE_NS_ASSERTIONS = NO;
				ENABLE_STRICT_OBJC_MSGSEND = YES;
				GCC_C_LANGUAGE_STANDARD = gnu11;
				GCC_NO_COMMON_BLOCKS = YES;
				GCC_WARN_64_TO_32_BIT_CONVERSION = YES;
				GCC_WARN_ABOUT_RETURN_TYPE = YES_ERROR;
				GCC_WARN_UNDECLARED_SELECTOR = YES;
				GCC_WARN_UNINITIALIZED_AUTOS = YES_AGGRESSIVE;
				GCC_WARN_UNUSED_FUNCTION = YES;
				GCC_WARN_UNUSED_VARIABLE = YES;
				IPHONEOS_DEPLOYMENT_TARGET = 13.2;
				MTL_ENABLE_DEBUG_INFO = NO;
				MTL_FAST_MATH = YES;
				SDKROOT = iphoneos;
				SWIFT_COMPILATION_MODE = wholemodule;
				SWIFT_OPTIMIZATION_LEVEL = "-O";
				VALIDATE_PRODUCT = YES;
			};
			name = Release;
		};
		F3A3F93423C2FEBC00CBBA62 /* Debug */ = {
			isa = XCBuildConfiguration;
			buildSettings = {
				ASSETCATALOG_COMPILER_APPICON_NAME = AppIcon;
				CODE_SIGN_STYLE = Automatic;
				DEVELOPMENT_ASSET_PATHS = "\"Exp_AST_Converter/Preview Content\"";
				DEVELOPMENT_TEAM = P53D29U9LJ;
				ENABLE_PREVIEWS = YES;
				INFOPLIST_FILE = Exp_AST_Converter/Info.plist;
				LD_RUNPATH_SEARCH_PATHS = (
					"$(inherited)",
					"@executable_path/Frameworks",
				);
				PRODUCT_BUNDLE_IDENTIFIER = "com.pookjw.Exp-AST-Converter";
				PRODUCT_NAME = "$(TARGET_NAME)";
				SWIFT_VERSION = 5.0;
				TARGETED_DEVICE_FAMILY = "1,2";
			};
			name = Debug;
		};
		F3A3F93523C2FEBC00CBBA62 /* Release */ = {
			isa = XCBuildConfiguration;
			buildSettings = {
				ASSETCATALOG_COMPILER_APPICON_NAME = AppIcon;
				CODE_SIGN_STYLE = Automatic;
				DEVELOPMENT_ASSET_PATHS = "\"Exp_AST_Converter/Preview Content\"";
				DEVELOPMENT_TEAM = P53D29U9LJ;
				ENABLE_PREVIEWS = YES;
				INFOPLIST_FILE = Exp_AST_Converter/Info.plist;
				LD_RUNPATH_SEARCH_PATHS = (
					"$(inherited)",
					"@executable_path/Frameworks",
				);
				PRODUCT_BUNDLE_IDENTIFIER = "com.pookjw.Exp-AST-Converter";
				PRODUCT_NAME = "$(TARGET_NAME)";
				SWIFT_VERSION = 5.0;
				TARGETED_DEVICE_FAMILY = "1,2";
			};
			name = Release;
		};
		F3A3F93723C2FEBC00CBBA62 /* Debug */ = {
			isa = XCBuildConfiguration;
			buildSettings = {
				ALWAYS_EMBED_SWIFT_STANDARD_LIBRARIES = YES;
				BUNDLE_LOADER = "$(TEST_HOST)";
				CODE_SIGN_STYLE = Automatic;
				DEVELOPMENT_TEAM = P53D29U9LJ;
				INFOPLIST_FILE = Exp_AST_ConverterTests/Info.plist;
				IPHONEOS_DEPLOYMENT_TARGET = 13.2;
				LD_RUNPATH_SEARCH_PATHS = (
					"$(inherited)",
					"@executable_path/Frameworks",
					"@loader_path/Frameworks",
				);
				PRODUCT_BUNDLE_IDENTIFIER = "com.pookjw.Exp-AST-ConverterTests";
				PRODUCT_NAME = "$(TARGET_NAME)";
				SWIFT_VERSION = 5.0;
				TARGETED_DEVICE_FAMILY = "1,2";
				TEST_HOST = "$(BUILT_PRODUCTS_DIR)/Exp_AST_Converter.app/Exp_AST_Converter";
			};
			name = Debug;
		};
		F3A3F93823C2FEBC00CBBA62 /* Release */ = {
			isa = XCBuildConfiguration;
			buildSettings = {
				ALWAYS_EMBED_SWIFT_STANDARD_LIBRARIES = YES;
				BUNDLE_LOADER = "$(TEST_HOST)";
				CODE_SIGN_STYLE = Automatic;
				DEVELOPMENT_TEAM = P53D29U9LJ;
				INFOPLIST_FILE = Exp_AST_ConverterTests/Info.plist;
				IPHONEOS_DEPLOYMENT_TARGET = 13.2;
				LD_RUNPATH_SEARCH_PATHS = (
					"$(inherited)",
					"@executable_path/Frameworks",
					"@loader_path/Frameworks",
				);
				PRODUCT_BUNDLE_IDENTIFIER = "com.pookjw.Exp-AST-ConverterTests";
				PRODUCT_NAME = "$(TARGET_NAME)";
				SWIFT_VERSION = 5.0;
				TARGETED_DEVICE_FAMILY = "1,2";
				TEST_HOST = "$(BUILT_PRODUCTS_DIR)/Exp_AST_Converter.app/Exp_AST_Converter";
			};
			name = Release;
		};
		F3A3F93A23C2FEBC00CBBA62 /* Debug */ = {
			isa = XCBuildConfiguration;
			buildSettings = {
				ALWAYS_EMBED_SWIFT_STANDARD_LIBRARIES = YES;
				CODE_SIGN_STYLE = Automatic;
				DEVELOPMENT_TEAM = P53D29U9LJ;
				INFOPLIST_FILE = Exp_AST_ConverterUITests/Info.plist;
				LD_RUNPATH_SEARCH_PATHS = (
					"$(inherited)",
					"@executable_path/Frameworks",
					"@loader_path/Frameworks",
				);
				PRODUCT_BUNDLE_IDENTIFIER = "com.pookjw.Exp-AST-ConverterUITests";
				PRODUCT_NAME = "$(TARGET_NAME)";
				SWIFT_VERSION = 5.0;
				TARGETED_DEVICE_FAMILY = "1,2";
				TEST_TARGET_NAME = Exp_AST_Converter;
			};
			name = Debug;
		};
		F3A3F93B23C2FEBC00CBBA62 /* Release */ = {
			isa = XCBuildConfiguration;
			buildSettings = {
				ALWAYS_EMBED_SWIFT_STANDARD_LIBRARIES = YES;
				CODE_SIGN_STYLE = Automatic;
				DEVELOPMENT_TEAM = P53D29U9LJ;
				INFOPLIST_FILE = Exp_AST_ConverterUITests/Info.plist;
				LD_RUNPATH_SEARCH_PATHS = (
					"$(inherited)",
					"@executable_path/Frameworks",
					"@loader_path/Frameworks",
				);
				PRODUCT_BUNDLE_IDENTIFIER = "com.pookjw.Exp-AST-ConverterUITests";
				PRODUCT_NAME = "$(TARGET_NAME)";
				SWIFT_VERSION = 5.0;
				TARGETED_DEVICE_FAMILY = "1,2";
				TEST_TARGET_NAME = Exp_AST_Converter;
			};
			name = Release;
		};
/* End XCBuildConfiguration section */

/* Begin XCConfigurationList section */
		F3A3F90423C2FEB700CBBA62 /* Build configuration list for PBXProject "Exp_AST_Converter" */ = {
			isa = XCConfigurationList;
			buildConfigurations = (
				F3A3F93123C2FEBC00CBBA62 /* Debug */,
				F3A3F93223C2FEBC00CBBA62 /* Release */,
			);
			defaultConfigurationIsVisible = 0;
			defaultConfigurationName = Release;
		};
		F3A3F93323C2FEBC00CBBA62 /* Build configuration list for PBXNativeTarget "Exp_AST_Converter" */ = {
			isa = XCConfigurationList;
			buildConfigurations = (
				F3A3F93423C2FEBC00CBBA62 /* Debug */,
				F3A3F93523C2FEBC00CBBA62 /* Release */,
			);
			defaultConfigurationIsVisible = 0;
			defaultConfigurationName = Release;
		};
		F3A3F93623C2FEBC00CBBA62 /* Build configuration list for PBXNativeTarget "Exp_AST_ConverterTests" */ = {
			isa = XCConfigurationList;
			buildConfigurations = (
				F3A3F93723C2FEBC00CBBA62 /* Debug */,
				F3A3F93823C2FEBC00CBBA62 /* Release */,
			);
			defaultConfigurationIsVisible = 0;
			defaultConfigurationName = Release;
		};
		F3A3F93923C2FEBC00CBBA62 /* Build configuration list for PBXNativeTarget "Exp_AST_ConverterUITests" */ = {
			isa = XCConfigurationList;
			buildConfigurations = (
				F3A3F93A23C2FEBC00CBBA62 /* Debug */,
				F3A3F93B23C2FEBC00CBBA62 /* Release */,
			);
			defaultConfigurationIsVisible = 0;
			defaultConfigurationName = Release;
		};
/* End XCConfigurationList section */
	};
	rootObject = F3A3F90123C2FEB700CBBA62 /* Project object */;
}
